// !$*UTF8*$!
{
	archiveVersion = 1;
	classes = {
	};
	objectVersion = 50;
	objects = {

/* Begin PBXBuildFile section */
		448868D32692F85C002927C5 /* AppDelegate.swift in Sources */ = {isa = PBXBuildFile; fileRef = 448868D22692F85C002927C5 /* AppDelegate.swift */; };
		448868DC2692F85D002927C5 /* Assets.xcassets in Resources */ = {isa = PBXBuildFile; fileRef = 448868DB2692F85D002927C5 /* Assets.xcassets */; };
		448868DF2692F85D002927C5 /* LaunchScreen.storyboard in Resources */ = {isa = PBXBuildFile; fileRef = 448868DD2692F85D002927C5 /* LaunchScreen.storyboard */; };
		448868EA2692F85D002927C5 /* fizz_buzz_likeTests.swift in Sources */ = {isa = PBXBuildFile; fileRef = 448868E92692F85D002927C5 /* fizz_buzz_likeTests.swift */; };
		448868F52692F85D002927C5 /* fizz_buzz_likeUITests.swift in Sources */ = {isa = PBXBuildFile; fileRef = 448868F42692F85D002927C5 /* fizz_buzz_likeUITests.swift */; };
		4488692226930445002927C5 /* ApplicationCoordinator.swift in Sources */ = {isa = PBXBuildFile; fileRef = 4488692126930445002927C5 /* ApplicationCoordinator.swift */; };
		448869302693099F002927C5 /* FormViewContract.swift in Sources */ = {isa = PBXBuildFile; fileRef = 4488692F2693099F002927C5 /* FormViewContract.swift */; };
		4488693B269309B3002927C5 /* FormViewController.swift in Sources */ = {isa = PBXBuildFile; fileRef = 4488693A269309B3002927C5 /* FormViewController.swift */; };
		44886940269309BD002927C5 /* FormPresenter.swift in Sources */ = {isa = PBXBuildFile; fileRef = 4488693F269309BD002927C5 /* FormPresenter.swift */; };
		44886945269309C7002927C5 /* FormPresenterImplementation.swift in Sources */ = {isa = PBXBuildFile; fileRef = 44886944269309C7002927C5 /* FormPresenterImplementation.swift */; };
		4488695026930F64002927C5 /* FormViewModel.swift in Sources */ = {isa = PBXBuildFile; fileRef = 4488694F26930F64002927C5 /* FormViewModel.swift */; };
		44886961269313A3002927C5 /* FizzBuzzRequest.swift in Sources */ = {isa = PBXBuildFile; fileRef = 44886960269313A3002927C5 /* FizzBuzzRequest.swift */; };
		4488696626931559002927C5 /* FormViewModelMapper.swift in Sources */ = {isa = PBXBuildFile; fileRef = 4488696526931559002927C5 /* FormViewModelMapper.swift */; };
		4488696E2693379D002927C5 /* FormTableViewCell.swift in Sources */ = {isa = PBXBuildFile; fileRef = 4488696D2693379D002927C5 /* FormTableViewCell.swift */; };
		448869732693516E002927C5 /* AppError.swift in Sources */ = {isa = PBXBuildFile; fileRef = 448869722693516E002927C5 /* AppError.swift */; };
		448869892694482D002927C5 /* FormRequestInput.swift in Sources */ = {isa = PBXBuildFile; fileRef = 448869882694482D002927C5 /* FormRequestInput.swift */; };
		448869BD269459CF002927C5 /* ComputeFizzBuzzInteractor.swift in Sources */ = {isa = PBXBuildFile; fileRef = 448869BC269459CF002927C5 /* ComputeFizzBuzzInteractor.swift */; };
		448869C2269459DB002927C5 /* ComputeFizzBuzzInteractorImplementation.swift in Sources */ = {isa = PBXBuildFile; fileRef = 448869C1269459DB002927C5 /* ComputeFizzBuzzInteractorImplementation.swift */; };
		448869C726945AFE002927C5 /* FizzBuzzResponse.swift in Sources */ = {isa = PBXBuildFile; fileRef = 448869C626945AFE002927C5 /* FizzBuzzResponse.swift */; };
		448869CF269462BC002927C5 /* ComputeFizzBuzzInteractorTests.swift in Sources */ = {isa = PBXBuildFile; fileRef = 448869CE269462BC002927C5 /* ComputeFizzBuzzInteractorTests.swift */; };
		448869E1269490BA002927C5 /* ComputationResultViewContract.swift in Sources */ = {isa = PBXBuildFile; fileRef = 448869E0269490BA002927C5 /* ComputationResultViewContract.swift */; };
		448869E6269490DF002927C5 /* ComputationResultViewController.swift in Sources */ = {isa = PBXBuildFile; fileRef = 448869E5269490DF002927C5 /* ComputationResultViewController.swift */; };
		448869EB2694910E002927C5 /* ComputationResultPresenter.swift in Sources */ = {isa = PBXBuildFile; fileRef = 448869EA2694910E002927C5 /* ComputationResultPresenter.swift */; };
		448869F026949166002927C5 /* ComputationResultPresenterImplementation.swift in Sources */ = {isa = PBXBuildFile; fileRef = 448869EF26949166002927C5 /* ComputationResultPresenterImplementation.swift */; };
		448869FB26949418002927C5 /* ComputationResultViewModel.swift in Sources */ = {isa = PBXBuildFile; fileRef = 448869FA26949418002927C5 /* ComputationResultViewModel.swift */; };
		44886A0026949440002927C5 /* ComputationResultViewModelMapper.swift in Sources */ = {isa = PBXBuildFile; fileRef = 448869FF26949440002927C5 /* ComputationResultViewModelMapper.swift */; };
/* End PBXBuildFile section */

/* Begin PBXContainerItemProxy section */
		448868E62692F85D002927C5 /* PBXContainerItemProxy */ = {
			isa = PBXContainerItemProxy;
			containerPortal = 448868C72692F85C002927C5 /* Project object */;
			proxyType = 1;
			remoteGlobalIDString = 448868CE2692F85C002927C5;
			remoteInfo = "fizz-buzz-like";
		};
		448868F12692F85D002927C5 /* PBXContainerItemProxy */ = {
			isa = PBXContainerItemProxy;
			containerPortal = 448868C72692F85C002927C5 /* Project object */;
			proxyType = 1;
			remoteGlobalIDString = 448868CE2692F85C002927C5;
			remoteInfo = "fizz-buzz-like";
		};
/* End PBXContainerItemProxy section */

/* Begin PBXFileReference section */
		448868CF2692F85C002927C5 /* fizz-buzz-like.app */ = {isa = PBXFileReference; explicitFileType = wrapper.application; includeInIndex = 0; path = "fizz-buzz-like.app"; sourceTree = BUILT_PRODUCTS_DIR; };
		448868D22692F85C002927C5 /* AppDelegate.swift */ = {isa = PBXFileReference; lastKnownFileType = sourcecode.swift; path = AppDelegate.swift; sourceTree = "<group>"; };
		448868DB2692F85D002927C5 /* Assets.xcassets */ = {isa = PBXFileReference; lastKnownFileType = folder.assetcatalog; path = Assets.xcassets; sourceTree = "<group>"; };
		448868DE2692F85D002927C5 /* Base */ = {isa = PBXFileReference; lastKnownFileType = file.storyboard; name = Base; path = Base.lproj/LaunchScreen.storyboard; sourceTree = "<group>"; };
		448868E02692F85D002927C5 /* Info.plist */ = {isa = PBXFileReference; lastKnownFileType = text.plist.xml; path = Info.plist; sourceTree = "<group>"; };
		448868E52692F85D002927C5 /* fizz-buzz-likeTests.xctest */ = {isa = PBXFileReference; explicitFileType = wrapper.cfbundle; includeInIndex = 0; path = "fizz-buzz-likeTests.xctest"; sourceTree = BUILT_PRODUCTS_DIR; };
		448868E92692F85D002927C5 /* fizz_buzz_likeTests.swift */ = {isa = PBXFileReference; lastKnownFileType = sourcecode.swift; path = fizz_buzz_likeTests.swift; sourceTree = "<group>"; };
		448868EB2692F85D002927C5 /* Info.plist */ = {isa = PBXFileReference; lastKnownFileType = text.plist.xml; path = Info.plist; sourceTree = "<group>"; };
		448868F02692F85D002927C5 /* fizz-buzz-likeUITests.xctest */ = {isa = PBXFileReference; explicitFileType = wrapper.cfbundle; includeInIndex = 0; path = "fizz-buzz-likeUITests.xctest"; sourceTree = BUILT_PRODUCTS_DIR; };
		448868F42692F85D002927C5 /* fizz_buzz_likeUITests.swift */ = {isa = PBXFileReference; lastKnownFileType = sourcecode.swift; path = fizz_buzz_likeUITests.swift; sourceTree = "<group>"; };
		448868F62692F85D002927C5 /* Info.plist */ = {isa = PBXFileReference; lastKnownFileType = text.plist.xml; path = Info.plist; sourceTree = "<group>"; };
		4488692126930445002927C5 /* ApplicationCoordinator.swift */ = {isa = PBXFileReference; lastKnownFileType = sourcecode.swift; path = ApplicationCoordinator.swift; sourceTree = "<group>"; };
		4488692F2693099F002927C5 /* FormViewContract.swift */ = {isa = PBXFileReference; lastKnownFileType = sourcecode.swift; path = FormViewContract.swift; sourceTree = "<group>"; };
		4488693A269309B3002927C5 /* FormViewController.swift */ = {isa = PBXFileReference; lastKnownFileType = sourcecode.swift; path = FormViewController.swift; sourceTree = "<group>"; };
		4488693F269309BD002927C5 /* FormPresenter.swift */ = {isa = PBXFileReference; lastKnownFileType = sourcecode.swift; path = FormPresenter.swift; sourceTree = "<group>"; };
		44886944269309C7002927C5 /* FormPresenterImplementation.swift */ = {isa = PBXFileReference; lastKnownFileType = sourcecode.swift; path = FormPresenterImplementation.swift; sourceTree = "<group>"; };
		4488694F26930F64002927C5 /* FormViewModel.swift */ = {isa = PBXFileReference; lastKnownFileType = sourcecode.swift; path = FormViewModel.swift; sourceTree = "<group>"; };
		44886960269313A3002927C5 /* FizzBuzzRequest.swift */ = {isa = PBXFileReference; lastKnownFileType = sourcecode.swift; path = FizzBuzzRequest.swift; sourceTree = "<group>"; };
		4488696526931559002927C5 /* FormViewModelMapper.swift */ = {isa = PBXFileReference; lastKnownFileType = sourcecode.swift; path = FormViewModelMapper.swift; sourceTree = "<group>"; };
		4488696D2693379D002927C5 /* FormTableViewCell.swift */ = {isa = PBXFileReference; lastKnownFileType = sourcecode.swift; path = FormTableViewCell.swift; sourceTree = "<group>"; };
		448869722693516E002927C5 /* AppError.swift */ = {isa = PBXFileReference; lastKnownFileType = sourcecode.swift; path = AppError.swift; sourceTree = "<group>"; };
		448869882694482D002927C5 /* FormRequestInput.swift */ = {isa = PBXFileReference; lastKnownFileType = sourcecode.swift; path = FormRequestInput.swift; sourceTree = "<group>"; };
		448869BC269459CF002927C5 /* ComputeFizzBuzzInteractor.swift */ = {isa = PBXFileReference; lastKnownFileType = sourcecode.swift; path = ComputeFizzBuzzInteractor.swift; sourceTree = "<group>"; };
		448869C1269459DB002927C5 /* ComputeFizzBuzzInteractorImplementation.swift */ = {isa = PBXFileReference; lastKnownFileType = sourcecode.swift; path = ComputeFizzBuzzInteractorImplementation.swift; sourceTree = "<group>"; };
		448869C626945AFE002927C5 /* FizzBuzzResponse.swift */ = {isa = PBXFileReference; lastKnownFileType = sourcecode.swift; path = FizzBuzzResponse.swift; sourceTree = "<group>"; };
		448869CE269462BC002927C5 /* ComputeFizzBuzzInteractorTests.swift */ = {isa = PBXFileReference; lastKnownFileType = sourcecode.swift; path = ComputeFizzBuzzInteractorTests.swift; sourceTree = "<group>"; };
		448869E0269490BA002927C5 /* ComputationResultViewContract.swift */ = {isa = PBXFileReference; lastKnownFileType = sourcecode.swift; path = ComputationResultViewContract.swift; sourceTree = "<group>"; };
		448869E5269490DF002927C5 /* ComputationResultViewController.swift */ = {isa = PBXFileReference; lastKnownFileType = sourcecode.swift; path = ComputationResultViewController.swift; sourceTree = "<group>"; };
		448869EA2694910E002927C5 /* ComputationResultPresenter.swift */ = {isa = PBXFileReference; lastKnownFileType = sourcecode.swift; path = ComputationResultPresenter.swift; sourceTree = "<group>"; };
		448869EF26949166002927C5 /* ComputationResultPresenterImplementation.swift */ = {isa = PBXFileReference; lastKnownFileType = sourcecode.swift; path = ComputationResultPresenterImplementation.swift; sourceTree = "<group>"; };
		448869FA26949418002927C5 /* ComputationResultViewModel.swift */ = {isa = PBXFileReference; lastKnownFileType = sourcecode.swift; path = ComputationResultViewModel.swift; sourceTree = "<group>"; };
		448869FF26949440002927C5 /* ComputationResultViewModelMapper.swift */ = {isa = PBXFileReference; lastKnownFileType = sourcecode.swift; path = ComputationResultViewModelMapper.swift; sourceTree = "<group>"; };
/* End PBXFileReference section */

/* Begin PBXFrameworksBuildPhase section */
		448868CC2692F85C002927C5 /* Frameworks */ = {
			isa = PBXFrameworksBuildPhase;
			buildActionMask = 2147483647;
			files = (
			);
			runOnlyForDeploymentPostprocessing = 0;
		};
		448868E22692F85D002927C5 /* Frameworks */ = {
			isa = PBXFrameworksBuildPhase;
			buildActionMask = 2147483647;
			files = (
			);
			runOnlyForDeploymentPostprocessing = 0;
		};
		448868ED2692F85D002927C5 /* Frameworks */ = {
			isa = PBXFrameworksBuildPhase;
			buildActionMask = 2147483647;
			files = (
			);
			runOnlyForDeploymentPostprocessing = 0;
		};
/* End PBXFrameworksBuildPhase section */

/* Begin PBXGroup section */
		448868C62692F85C002927C5 = {
			isa = PBXGroup;
			children = (
				448868D12692F85C002927C5 /* fizz-buzz-like */,
				448868E82692F85D002927C5 /* fizz-buzz-likeTests */,
				448868F32692F85D002927C5 /* fizz-buzz-likeUITests */,
				448868D02692F85C002927C5 /* Products */,
			);
			sourceTree = "<group>";
		};
		448868D02692F85C002927C5 /* Products */ = {
			isa = PBXGroup;
			children = (
				448868CF2692F85C002927C5 /* fizz-buzz-like.app */,
				448868E52692F85D002927C5 /* fizz-buzz-likeTests.xctest */,
				448868F02692F85D002927C5 /* fizz-buzz-likeUITests.xctest */,
			);
			name = Products;
			sourceTree = "<group>";
		};
		448868D12692F85C002927C5 /* fizz-buzz-like */ = {
			isa = PBXGroup;
			children = (
				448868D22692F85C002927C5 /* AppDelegate.swift */,
				448869202693042A002927C5 /* Coordinator */,
				448869052692F8DA002927C5 /* App */,
				448869062692F8E0002927C5 /* Core */,
				448869072692F8E4002927C5 /* Data */,
				448868DB2692F85D002927C5 /* Assets.xcassets */,
				448868DD2692F85D002927C5 /* LaunchScreen.storyboard */,
				448868E02692F85D002927C5 /* Info.plist */,
			);
			path = "fizz-buzz-like";
			sourceTree = "<group>";
		};
		448868E82692F85D002927C5 /* fizz-buzz-likeTests */ = {
			isa = PBXGroup;
			children = (
				448868E92692F85D002927C5 /* fizz_buzz_likeTests.swift */,
				448869CE269462BC002927C5 /* ComputeFizzBuzzInteractorTests.swift */,
				448868EB2692F85D002927C5 /* Info.plist */,
			);
			path = "fizz-buzz-likeTests";
			sourceTree = "<group>";
		};
		448868F32692F85D002927C5 /* fizz-buzz-likeUITests */ = {
			isa = PBXGroup;
			children = (
				448868F42692F85D002927C5 /* fizz_buzz_likeUITests.swift */,
				448868F62692F85D002927C5 /* Info.plist */,
			);
			path = "fizz-buzz-likeUITests";
			sourceTree = "<group>";
		};
		448869052692F8DA002927C5 /* App */ = {
			isa = PBXGroup;
			children = (
				448869DC26949039002927C5 /* ComputationResult */,
				4488692926930957002927C5 /* Form */,
			);
			path = App;
			sourceTree = "<group>";
		};
		448869062692F8E0002927C5 /* Core */ = {
			isa = PBXGroup;
			children = (
				4488695F26931380002927C5 /* Entity */,
				448869BA269459B6002927C5 /* Interactor */,
			);
			path = Core;
			sourceTree = "<group>";
		};
		448869072692F8E4002927C5 /* Data */ = {
			isa = PBXGroup;
			children = (
			);
			path = Data;
			sourceTree = "<group>";
		};
		448869202693042A002927C5 /* Coordinator */ = {
			isa = PBXGroup;
			children = (
				4488692126930445002927C5 /* ApplicationCoordinator.swift */,
			);
			path = Coordinator;
			sourceTree = "<group>";
		};
		4488692926930957002927C5 /* Form */ = {
			isa = PBXGroup;
			children = (
				4488694926930BFE002927C5 /* UI */,
				4488694E26930F47002927C5 /* ViewModel */,
				4488694A26930C06002927C5 /* Presenter */,
			);
			path = Form;
			sourceTree = "<group>";
		};
		4488694926930BFE002927C5 /* UI */ = {
			isa = PBXGroup;
			children = (
				4488692F2693099F002927C5 /* FormViewContract.swift */,
				4488693A269309B3002927C5 /* FormViewController.swift */,
				4488696D2693379D002927C5 /* FormTableViewCell.swift */,
			);
			path = UI;
			sourceTree = "<group>";
		};
		4488694A26930C06002927C5 /* Presenter */ = {
			isa = PBXGroup;
			children = (
				4488693F269309BD002927C5 /* FormPresenter.swift */,
				44886944269309C7002927C5 /* FormPresenterImplementation.swift */,
				448869882694482D002927C5 /* FormRequestInput.swift */,
			);
			path = Presenter;
			sourceTree = "<group>";
		};
		4488694E26930F47002927C5 /* ViewModel */ = {
			isa = PBXGroup;
			children = (
				4488694F26930F64002927C5 /* FormViewModel.swift */,
				4488696526931559002927C5 /* FormViewModelMapper.swift */,
			);
			path = ViewModel;
			sourceTree = "<group>";
		};
		4488695F26931380002927C5 /* Entity */ = {
			isa = PBXGroup;
			children = (
				448869722693516E002927C5 /* AppError.swift */,
				44886960269313A3002927C5 /* FizzBuzzRequest.swift */,
				448869C626945AFE002927C5 /* FizzBuzzResponse.swift */,
			);
			path = Entity;
			sourceTree = "<group>";
		};
		448869BA269459B6002927C5 /* Interactor */ = {
			isa = PBXGroup;
			children = (
				448869BB269459BE002927C5 /* ComputeFizzBuzz */,
			);
			path = Interactor;
			sourceTree = "<group>";
		};
		448869BB269459BE002927C5 /* ComputeFizzBuzz */ = {
			isa = PBXGroup;
			children = (
				448869BC269459CF002927C5 /* ComputeFizzBuzzInteractor.swift */,
				448869C1269459DB002927C5 /* ComputeFizzBuzzInteractorImplementation.swift */,
			);
			path = ComputeFizzBuzz;
			sourceTree = "<group>";
		};
		448869DC26949039002927C5 /* ComputationResult */ = {
			isa = PBXGroup;
			children = (
				448869DF269490A4002927C5 /* UI */,
				448869DE2694909F002927C5 /* ViewModel */,
				448869DD26949096002927C5 /* Presenter */,
			);
			path = ComputationResult;
			sourceTree = "<group>";
		};
		448869DD26949096002927C5 /* Presenter */ = {
			isa = PBXGroup;
			children = (
				448869EA2694910E002927C5 /* ComputationResultPresenter.swift */,
				448869EF26949166002927C5 /* ComputationResultPresenterImplementation.swift */,
			);
			path = Presenter;
			sourceTree = "<group>";
		};
		448869DE2694909F002927C5 /* ViewModel */ = {
			isa = PBXGroup;
			children = (
				448869FA26949418002927C5 /* ComputationResultViewModel.swift */,
				448869FF26949440002927C5 /* ComputationResultViewModelMapper.swift */,
			);
			path = ViewModel;
			sourceTree = "<group>";
		};
		448869DF269490A4002927C5 /* UI */ = {
			isa = PBXGroup;
			children = (
				448869E0269490BA002927C5 /* ComputationResultViewContract.swift */,
				448869E5269490DF002927C5 /* ComputationResultViewController.swift */,
			);
			path = UI;
			sourceTree = "<group>";
		};
/* End PBXGroup section */

/* Begin PBXNativeTarget section */
		448868CE2692F85C002927C5 /* fizz-buzz-like */ = {
			isa = PBXNativeTarget;
			buildConfigurationList = 448868F92692F85D002927C5 /* Build configuration list for PBXNativeTarget "fizz-buzz-like" */;
			buildPhases = (
				448868CB2692F85C002927C5 /* Sources */,
				448868CC2692F85C002927C5 /* Frameworks */,
				448868CD2692F85C002927C5 /* Resources */,
			);
			buildRules = (
			);
			dependencies = (
			);
			name = "fizz-buzz-like";
			productName = "fizz-buzz-like";
			productReference = 448868CF2692F85C002927C5 /* fizz-buzz-like.app */;
			productType = "com.apple.product-type.application";
		};
		448868E42692F85D002927C5 /* fizz-buzz-likeTests */ = {
			isa = PBXNativeTarget;
			buildConfigurationList = 448868FC2692F85D002927C5 /* Build configuration list for PBXNativeTarget "fizz-buzz-likeTests" */;
			buildPhases = (
				448868E12692F85D002927C5 /* Sources */,
				448868E22692F85D002927C5 /* Frameworks */,
				448868E32692F85D002927C5 /* Resources */,
			);
			buildRules = (
			);
			dependencies = (
				448868E72692F85D002927C5 /* PBXTargetDependency */,
			);
			name = "fizz-buzz-likeTests";
			productName = "fizz-buzz-likeTests";
			productReference = 448868E52692F85D002927C5 /* fizz-buzz-likeTests.xctest */;
			productType = "com.apple.product-type.bundle.unit-test";
		};
		448868EF2692F85D002927C5 /* fizz-buzz-likeUITests */ = {
			isa = PBXNativeTarget;
			buildConfigurationList = 448868FF2692F85D002927C5 /* Build configuration list for PBXNativeTarget "fizz-buzz-likeUITests" */;
			buildPhases = (
				448868EC2692F85D002927C5 /* Sources */,
				448868ED2692F85D002927C5 /* Frameworks */,
				448868EE2692F85D002927C5 /* Resources */,
			);
			buildRules = (
			);
			dependencies = (
				448868F22692F85D002927C5 /* PBXTargetDependency */,
			);
			name = "fizz-buzz-likeUITests";
			productName = "fizz-buzz-likeUITests";
			productReference = 448868F02692F85D002927C5 /* fizz-buzz-likeUITests.xctest */;
			productType = "com.apple.product-type.bundle.ui-testing";
		};
/* End PBXNativeTarget section */

/* Begin PBXProject section */
		448868C72692F85C002927C5 /* Project object */ = {
			isa = PBXProject;
			attributes = {
				LastSwiftUpdateCheck = 1240;
				LastUpgradeCheck = 1240;
				TargetAttributes = {
					448868CE2692F85C002927C5 = {
						CreatedOnToolsVersion = 12.4;
					};
					448868E42692F85D002927C5 = {
						CreatedOnToolsVersion = 12.4;
						TestTargetID = 448868CE2692F85C002927C5;
					};
					448868EF2692F85D002927C5 = {
						CreatedOnToolsVersion = 12.4;
						TestTargetID = 448868CE2692F85C002927C5;
					};
				};
			};
			buildConfigurationList = 448868CA2692F85C002927C5 /* Build configuration list for PBXProject "fizz-buzz-like" */;
			compatibilityVersion = "Xcode 9.3";
			developmentRegion = en;
			hasScannedForEncodings = 0;
			knownRegions = (
				en,
				Base,
			);
			mainGroup = 448868C62692F85C002927C5;
			productRefGroup = 448868D02692F85C002927C5 /* Products */;
			projectDirPath = "";
			projectRoot = "";
			targets = (
				448868CE2692F85C002927C5 /* fizz-buzz-like */,
				448868E42692F85D002927C5 /* fizz-buzz-likeTests */,
				448868EF2692F85D002927C5 /* fizz-buzz-likeUITests */,
			);
		};
/* End PBXProject section */

/* Begin PBXResourcesBuildPhase section */
		448868CD2692F85C002927C5 /* Resources */ = {
			isa = PBXResourcesBuildPhase;
			buildActionMask = 2147483647;
			files = (
				448868DF2692F85D002927C5 /* LaunchScreen.storyboard in Resources */,
				448868DC2692F85D002927C5 /* Assets.xcassets in Resources */,
			);
			runOnlyForDeploymentPostprocessing = 0;
		};
		448868E32692F85D002927C5 /* Resources */ = {
			isa = PBXResourcesBuildPhase;
			buildActionMask = 2147483647;
			files = (
			);
			runOnlyForDeploymentPostprocessing = 0;
		};
		448868EE2692F85D002927C5 /* Resources */ = {
			isa = PBXResourcesBuildPhase;
			buildActionMask = 2147483647;
			files = (
			);
			runOnlyForDeploymentPostprocessing = 0;
		};
/* End PBXResourcesBuildPhase section */

/* Begin PBXSourcesBuildPhase section */
		448868CB2692F85C002927C5 /* Sources */ = {
			isa = PBXSourcesBuildPhase;
			buildActionMask = 2147483647;
			files = (
				448868D32692F85C002927C5 /* AppDelegate.swift in Sources */,
				448869E1269490BA002927C5 /* ComputationResultViewContract.swift in Sources */,
				44886A0026949440002927C5 /* ComputationResultViewModelMapper.swift in Sources */,
				448869C726945AFE002927C5 /* FizzBuzzResponse.swift in Sources */,
				44886940269309BD002927C5 /* FormPresenter.swift in Sources */,
				448869892694482D002927C5 /* FormRequestInput.swift in Sources */,
				4488696626931559002927C5 /* FormViewModelMapper.swift in Sources */,
				448869BD269459CF002927C5 /* ComputeFizzBuzzInteractor.swift in Sources */,
				448869E6269490DF002927C5 /* ComputationResultViewController.swift in Sources */,
				4488696E2693379D002927C5 /* FormTableViewCell.swift in Sources */,
				448869C2269459DB002927C5 /* ComputeFizzBuzzInteractorImplementation.swift in Sources */,
				448869302693099F002927C5 /* FormViewContract.swift in Sources */,
				448869F026949166002927C5 /* ComputationResultPresenterImplementation.swift in Sources */,
				4488693B269309B3002927C5 /* FormViewController.swift in Sources */,
				4488692226930445002927C5 /* ApplicationCoordinator.swift in Sources */,
				4488695026930F64002927C5 /* FormViewModel.swift in Sources */,
				448869FB26949418002927C5 /* ComputationResultViewModel.swift in Sources */,
				448869EB2694910E002927C5 /* ComputationResultPresenter.swift in Sources */,
				448869732693516E002927C5 /* AppError.swift in Sources */,
				44886945269309C7002927C5 /* FormPresenterImplementation.swift in Sources */,
				44886961269313A3002927C5 /* FizzBuzzRequest.swift in Sources */,
			);
			runOnlyForDeploymentPostprocessing = 0;
		};
		448868E12692F85D002927C5 /* Sources */ = {
			isa = PBXSourcesBuildPhase;
			buildActionMask = 2147483647;
			files = (
				448869CF269462BC002927C5 /* ComputeFizzBuzzInteractorTests.swift in Sources */,
				448868EA2692F85D002927C5 /* fizz_buzz_likeTests.swift in Sources */,
			);
			runOnlyForDeploymentPostprocessing = 0;
		};
		448868EC2692F85D002927C5 /* Sources */ = {
			isa = PBXSourcesBuildPhase;
			buildActionMask = 2147483647;
			files = (
				448868F52692F85D002927C5 /* fizz_buzz_likeUITests.swift in Sources */,
			);
			runOnlyForDeploymentPostprocessing = 0;
		};
/* End PBXSourcesBuildPhase section */

/* Begin PBXTargetDependency section */
		448868E72692F85D002927C5 /* PBXTargetDependency */ = {
			isa = PBXTargetDependency;
			target = 448868CE2692F85C002927C5 /* fizz-buzz-like */;
			targetProxy = 448868E62692F85D002927C5 /* PBXContainerItemProxy */;
		};
		448868F22692F85D002927C5 /* PBXTargetDependency */ = {
			isa = PBXTargetDependency;
			target = 448868CE2692F85C002927C5 /* fizz-buzz-like */;
			targetProxy = 448868F12692F85D002927C5 /* PBXContainerItemProxy */;
		};
/* End PBXTargetDependency section */

/* Begin PBXVariantGroup section */
		448868DD2692F85D002927C5 /* LaunchScreen.storyboard */ = {
			isa = PBXVariantGroup;
			children = (
				448868DE2692F85D002927C5 /* Base */,
			);
			name = LaunchScreen.storyboard;
			sourceTree = "<group>";
		};
/* End PBXVariantGroup section */

/* Begin XCBuildConfiguration section */
		448868F72692F85D002927C5 /* Debug */ = {
			isa = XCBuildConfiguration;
			buildSettings = {
				ALWAYS_SEARCH_USER_PATHS = NO;
				CLANG_ANALYZER_NONNULL = YES;
				CLANG_ANALYZER_NUMBER_OBJECT_CONVERSION = YES_AGGRESSIVE;
				CLANG_CXX_LANGUAGE_STANDARD = "gnu++14";
				CLANG_CXX_LIBRARY = "libc++";
				CLANG_ENABLE_MODULES = YES;
				CLANG_ENABLE_OBJC_ARC = YES;
				CLANG_ENABLE_OBJC_WEAK = YES;
				CLANG_WARN_BLOCK_CAPTURE_AUTORELEASING = YES;
				CLANG_WARN_BOOL_CONVERSION = YES;
				CLANG_WARN_COMMA = YES;
				CLANG_WARN_CONSTANT_CONVERSION = YES;
				CLANG_WARN_DEPRECATED_OBJC_IMPLEMENTATIONS = YES;
				CLANG_WARN_DIRECT_OBJC_ISA_USAGE = YES_ERROR;
				CLANG_WARN_DOCUMENTATION_COMMENTS = YES;
				CLANG_WARN_EMPTY_BODY = YES;
				CLANG_WARN_ENUM_CONVERSION = YES;
				CLANG_WARN_INFINITE_RECURSION = YES;
				CLANG_WARN_INT_CONVERSION = YES;
				CLANG_WARN_NON_LITERAL_NULL_CONVERSION = YES;
				CLANG_WARN_OBJC_IMPLICIT_RETAIN_SELF = YES;
				CLANG_WARN_OBJC_LITERAL_CONVERSION = YES;
				CLANG_WARN_OBJC_ROOT_CLASS = YES_ERROR;
				CLANG_WARN_QUOTED_INCLUDE_IN_FRAMEWORK_HEADER = YES;
				CLANG_WARN_RANGE_LOOP_ANALYSIS = YES;
				CLANG_WARN_STRICT_PROTOTYPES = YES;
				CLANG_WARN_SUSPICIOUS_MOVE = YES;
				CLANG_WARN_UNGUARDED_AVAILABILITY = YES_AGGRESSIVE;
				CLANG_WARN_UNREACHABLE_CODE = YES;
				CLANG_WARN__DUPLICATE_METHOD_MATCH = YES;
				COPY_PHASE_STRIP = NO;
				DEBUG_INFORMATION_FORMAT = dwarf;
				ENABLE_STRICT_OBJC_MSGSEND = YES;
				ENABLE_TESTABILITY = YES;
				GCC_C_LANGUAGE_STANDARD = gnu11;
				GCC_DYNAMIC_NO_PIC = NO;
				GCC_NO_COMMON_BLOCKS = YES;
				GCC_OPTIMIZATION_LEVEL = 0;
				GCC_PREPROCESSOR_DEFINITIONS = (
					"DEBUG=1",
					"$(inherited)",
				);
				GCC_WARN_64_TO_32_BIT_CONVERSION = YES;
				GCC_WARN_ABOUT_RETURN_TYPE = YES_ERROR;
				GCC_WARN_UNDECLARED_SELECTOR = YES;
				GCC_WARN_UNINITIALIZED_AUTOS = YES_AGGRESSIVE;
				GCC_WARN_UNUSED_FUNCTION = YES;
				GCC_WARN_UNUSED_VARIABLE = YES;
				IPHONEOS_DEPLOYMENT_TARGET = 14.4;
				MTL_ENABLE_DEBUG_INFO = INCLUDE_SOURCE;
				MTL_FAST_MATH = YES;
				ONLY_ACTIVE_ARCH = YES;
				SDKROOT = iphoneos;
				SWIFT_ACTIVE_COMPILATION_CONDITIONS = DEBUG;
				SWIFT_OPTIMIZATION_LEVEL = "-Onone";
			};
			name = Debug;
		};
		448868F82692F85D002927C5 /* Release */ = {
			isa = XCBuildConfiguration;
			buildSettings = {
				ALWAYS_SEARCH_USER_PATHS = NO;
				CLANG_ANALYZER_NONNULL = YES;
				CLANG_ANALYZER_NUMBER_OBJECT_CONVERSION = YES_AGGRESSIVE;
				CLANG_CXX_LANGUAGE_STANDARD = "gnu++14";
				CLANG_CXX_LIBRARY = "libc++";
				CLANG_ENABLE_MODULES = YES;
				CLANG_ENABLE_OBJC_ARC = YES;
				CLANG_ENABLE_OBJC_WEAK = YES;
				CLANG_WARN_BLOCK_CAPTURE_AUTORELEASING = YES;
				CLANG_WARN_BOOL_CONVERSION = YES;
				CLANG_WARN_COMMA = YES;
				CLANG_WARN_CONSTANT_CONVERSION = YES;
				CLANG_WARN_DEPRECATED_OBJC_IMPLEMENTATIONS = YES;
				CLANG_WARN_DIRECT_OBJC_ISA_USAGE = YES_ERROR;
				CLANG_WARN_DOCUMENTATION_COMMENTS = YES;
				CLANG_WARN_EMPTY_BODY = YES;
				CLANG_WARN_ENUM_CONVERSION = YES;
				CLANG_WARN_INFINITE_RECURSION = YES;
				CLANG_WARN_INT_CONVERSION = YES;
				CLANG_WARN_NON_LITERAL_NULL_CONVERSION = YES;
				CLANG_WARN_OBJC_IMPLICIT_RETAIN_SELF = YES;
				CLANG_WARN_OBJC_LITERAL_CONVERSION = YES;
				CLANG_WARN_OBJC_ROOT_CLASS = YES_ERROR;
				CLANG_WARN_QUOTED_INCLUDE_IN_FRAMEWORK_HEADER = YES;
				CLANG_WARN_RANGE_LOOP_ANALYSIS = YES;
				CLANG_WARN_STRICT_PROTOTYPES = YES;
				CLANG_WARN_SUSPICIOUS_MOVE = YES;
				CLANG_WARN_UNGUARDED_AVAILABILITY = YES_AGGRESSIVE;
				CLANG_WARN_UNREACHABLE_CODE = YES;
				CLANG_WARN__DUPLICATE_METHOD_MATCH = YES;
				COPY_PHASE_STRIP = NO;
				DEBUG_INFORMATION_FORMAT = "dwarf-with-dsym";
				ENABLE_NS_ASSERTIONS = NO;
				ENABLE_STRICT_OBJC_MSGSEND = YES;
				GCC_C_LANGUAGE_STANDARD = gnu11;
				GCC_NO_COMMON_BLOCKS = YES;
				GCC_WARN_64_TO_32_BIT_CONVERSION = YES;
				GCC_WARN_ABOUT_RETURN_TYPE = YES_ERROR;
				GCC_WARN_UNDECLARED_SELECTOR = YES;
				GCC_WARN_UNINITIALIZED_AUTOS = YES_AGGRESSIVE;
				GCC_WARN_UNUSED_FUNCTION = YES;
				GCC_WARN_UNUSED_VARIABLE = YES;
				IPHONEOS_DEPLOYMENT_TARGET = 14.4;
				MTL_ENABLE_DEBUG_INFO = NO;
				MTL_FAST_MATH = YES;
				SDKROOT = iphoneos;
				SWIFT_COMPILATION_MODE = wholemodule;
				SWIFT_OPTIMIZATION_LEVEL = "-O";
				VALIDATE_PRODUCT = YES;
			};
			name = Release;
		};
		448868FA2692F85D002927C5 /* Debug */ = {
			isa = XCBuildConfiguration;
			buildSettings = {
				ASSETCATALOG_COMPILER_APPICON_NAME = AppIcon;
				ASSETCATALOG_COMPILER_GLOBAL_ACCENT_COLOR_NAME = AccentColor;
				CODE_SIGN_STYLE = Automatic;
				DEVELOPMENT_TEAM = QSJB7UZ723;
				INFOPLIST_FILE = "fizz-buzz-like/Info.plist";
				LD_RUNPATH_SEARCH_PATHS = (
					"$(inherited)",
					"@executable_path/Frameworks",
				);
				PRODUCT_BUNDLE_IDENTIFIER = "com.berthierg.fizzbuzzlike.fizz-buzz-like";
				PRODUCT_NAME = "$(TARGET_NAME)";
				SWIFT_VERSION = 5.0;
				TARGETED_DEVICE_FAMILY = "1,2";
			};
			name = Debug;
		};
		448868FB2692F85D002927C5 /* Release */ = {
			isa = XCBuildConfiguration;
			buildSettings = {
				ASSETCATALOG_COMPILER_APPICON_NAME = AppIcon;
				ASSETCATALOG_COMPILER_GLOBAL_ACCENT_COLOR_NAME = AccentColor;
				CODE_SIGN_STYLE = Automatic;
				DEVELOPMENT_TEAM = QSJB7UZ723;
				INFOPLIST_FILE = "fizz-buzz-like/Info.plist";
				LD_RUNPATH_SEARCH_PATHS = (
					"$(inherited)",
					"@executable_path/Frameworks",
				);
				PRODUCT_BUNDLE_IDENTIFIER = "com.berthierg.fizzbuzzlike.fizz-buzz-like";
				PRODUCT_NAME = "$(TARGET_NAME)";
				SWIFT_VERSION = 5.0;
				TARGETED_DEVICE_FAMILY = "1,2";
			};
			name = Release;
		};
		448868FD2692F85D002927C5 /* Debug */ = {
			isa = XCBuildConfiguration;
			buildSettings = {
				ALWAYS_EMBED_SWIFT_STANDARD_LIBRARIES = YES;
				BUNDLE_LOADER = "$(TEST_HOST)";
				CODE_SIGN_STYLE = Automatic;
				DEVELOPMENT_TEAM = QSJB7UZ723;
				INFOPLIST_FILE = "fizz-buzz-likeTests/Info.plist";
				IPHONEOS_DEPLOYMENT_TARGET = 14.4;
				LD_RUNPATH_SEARCH_PATHS = (
					"$(inherited)",
					"@executable_path/Frameworks",
					"@loader_path/Frameworks",
				);
				PRODUCT_BUNDLE_IDENTIFIER = "com.berthierg.fizzbuzzlike.fizz-buzz-likeTests";
				PRODUCT_NAME = "$(TARGET_NAME)";
				SWIFT_VERSION = 5.0;
				TARGETED_DEVICE_FAMILY = "1,2";
				TEST_HOST = "$(BUILT_PRODUCTS_DIR)/fizz-buzz-like.app/fizz-buzz-like";
			};
			name = Debug;
		};
		448868FE2692F85D002927C5 /* Release */ = {
			isa = XCBuildConfiguration;
			buildSettings = {
				ALWAYS_EMBED_SWIFT_STANDARD_LIBRARIES = YES;
				BUNDLE_LOADER = "$(TEST_HOST)";
				CODE_SIGN_STYLE = Automatic;
				DEVELOPMENT_TEAM = QSJB7UZ723;
				INFOPLIST_FILE = "fizz-buzz-likeTests/Info.plist";
				IPHONEOS_DEPLOYMENT_TARGET = 14.4;
				LD_RUNPATH_SEARCH_PATHS = (
					"$(inherited)",
					"@executable_path/Frameworks",
					"@loader_path/Frameworks",
				);
				PRODUCT_BUNDLE_IDENTIFIER = "com.berthierg.fizzbuzzlike.fizz-buzz-likeTests";
				PRODUCT_NAME = "$(TARGET_NAME)";
				SWIFT_VERSION = 5.0;
				TARGETED_DEVICE_FAMILY = "1,2";
				TEST_HOST = "$(BUILT_PRODUCTS_DIR)/fizz-buzz-like.app/fizz-buzz-like";
			};
			name = Release;
		};
		448869002692F85D002927C5 /* Debug */ = {
			isa = XCBuildConfiguration;
			buildSettings = {
				ALWAYS_EMBED_SWIFT_STANDARD_LIBRARIES = YES;
				CODE_SIGN_STYLE = Automatic;
				DEVELOPMENT_TEAM = QSJB7UZ723;
				INFOPLIST_FILE = "fizz-buzz-likeUITests/Info.plist";
				LD_RUNPATH_SEARCH_PATHS = (
					"$(inherited)",
					"@executable_path/Frameworks",
					"@loader_path/Frameworks",
				);
				PRODUCT_BUNDLE_IDENTIFIER = "com.berthierg.fizzbuzzlike.fizz-buzz-likeUITests";
				PRODUCT_NAME = "$(TARGET_NAME)";
				SWIFT_VERSION = 5.0;
				TARGETED_DEVICE_FAMILY = "1,2";
				TEST_TARGET_NAME = "fizz-buzz-like";
			};
			name = Debug;
		};
		448869012692F85D002927C5 /* Release */ = {
			isa = XCBuildConfiguration;
			buildSettings = {
				ALWAYS_EMBED_SWIFT_STANDARD_LIBRARIES = YES;
				CODE_SIGN_STYLE = Automatic;
				DEVELOPMENT_TEAM = QSJB7UZ723;
				INFOPLIST_FILE = "fizz-buzz-likeUITests/Info.plist";
				LD_RUNPATH_SEARCH_PATHS = (
					"$(inherited)",
					"@executable_path/Frameworks",
					"@loader_path/Frameworks",
				);
				PRODUCT_BUNDLE_IDENTIFIER = "com.berthierg.fizzbuzzlike.fizz-buzz-likeUITests";
				PRODUCT_NAME = "$(TARGET_NAME)";
				SWIFT_VERSION = 5.0;
				TARGETED_DEVICE_FAMILY = "1,2";
				TEST_TARGET_NAME = "fizz-buzz-like";
			};
			name = Release;
		};
/* End XCBuildConfiguration section */

/* Begin XCConfigurationList section */
		448868CA2692F85C002927C5 /* Build configuration list for PBXProject "fizz-buzz-like" */ = {
			isa = XCConfigurationList;
			buildConfigurations = (
				448868F72692F85D002927C5 /* Debug */,
				448868F82692F85D002927C5 /* Release */,
			);
			defaultConfigurationIsVisible = 0;
			defaultConfigurationName = Release;
		};
		448868F92692F85D002927C5 /* Build configuration list for PBXNativeTarget "fizz-buzz-like" */ = {
			isa = XCConfigurationList;
			buildConfigurations = (
				448868FA2692F85D002927C5 /* Debug */,
				448868FB2692F85D002927C5 /* Release */,
			);
			defaultConfigurationIsVisible = 0;
			defaultConfigurationName = Release;
		};
		448868FC2692F85D002927C5 /* Build configuration list for PBXNativeTarget "fizz-buzz-likeTests" */ = {
			isa = XCConfigurationList;
			buildConfigurations = (
				448868FD2692F85D002927C5 /* Debug */,
				448868FE2692F85D002927C5 /* Release */,
			);
			defaultConfigurationIsVisible = 0;
			defaultConfigurationName = Release;
		};
		448868FF2692F85D002927C5 /* Build configuration list for PBXNativeTarget "fizz-buzz-likeUITests" */ = {
			isa = XCConfigurationList;
			buildConfigurations = (
				448869002692F85D002927C5 /* Debug */,
				448869012692F85D002927C5 /* Release */,
			);
			defaultConfigurationIsVisible = 0;
			defaultConfigurationName = Release;
		};
/* End XCConfigurationList section */
	};
	rootObject = 448868C72692F85C002927C5 /* Project object */;
}
